// !$*UTF8*$!
{
	archiveVersion = 1;
	classes = {
	};
	objectVersion = 50;
	objects = {

/* Begin PBXBuildFile section */
		520A463423E0C7B9007914F1 /* AppDelegate.swift in Sources */ = {isa = PBXBuildFile; fileRef = 520A463323E0C7B9007914F1 /* AppDelegate.swift */; };
		520A463623E0C7B9007914F1 /* ViewController.swift in Sources */ = {isa = PBXBuildFile; fileRef = 520A463523E0C7B9007914F1 /* ViewController.swift */; };
		520A463923E0C7B9007914F1 /* Main.storyboard in Resources */ = {isa = PBXBuildFile; fileRef = 520A463723E0C7B9007914F1 /* Main.storyboard */; };
		520A463B23E0C7BA007914F1 /* Assets.xcassets in Resources */ = {isa = PBXBuildFile; fileRef = 520A463A23E0C7BA007914F1 /* Assets.xcassets */; };
		520A463E23E0C7BA007914F1 /* LaunchScreen.storyboard in Resources */ = {isa = PBXBuildFile; fileRef = 520A463C23E0C7BA007914F1 /* LaunchScreen.storyboard */; };
		520A464923E0C7BA007914F1 /* w4iPadTests.swift in Sources */ = {isa = PBXBuildFile; fileRef = 520A464823E0C7BA007914F1 /* w4iPadTests.swift */; };
		520A465423E0C7BA007914F1 /* w4iPadUITests.swift in Sources */ = {isa = PBXBuildFile; fileRef = 520A465323E0C7BA007914F1 /* w4iPadUITests.swift */; };
/* End PBXBuildFile section */

/* Begin PBXContainerItemProxy section */
		520A464523E0C7BA007914F1 /* PBXContainerItemProxy */ = {
			isa = PBXContainerItemProxy;
			containerPortal = 520A462823E0C7B9007914F1 /* Project object */;
			proxyType = 1;
			remoteGlobalIDString = 520A462F23E0C7B9007914F1;
			remoteInfo = w4iPad;
		};
		520A465023E0C7BA007914F1 /* PBXContainerItemProxy */ = {
			isa = PBXContainerItemProxy;
			containerPortal = 520A462823E0C7B9007914F1 /* Project object */;
			proxyType = 1;
			remoteGlobalIDString = 520A462F23E0C7B9007914F1;
			remoteInfo = w4iPad;
		};
/* End PBXContainerItemProxy section */

/* Begin PBXFileReference section */
		520A463023E0C7B9007914F1 /* w4iPad.app */ = {isa = PBXFileReference; explicitFileType = wrapper.application; includeInIndex = 0; path = w4iPad.app; sourceTree = BUILT_PRODUCTS_DIR; };
		520A463323E0C7B9007914F1 /* AppDelegate.swift */ = {isa = PBXFileReference; lastKnownFileType = sourcecode.swift; path = AppDelegate.swift; sourceTree = "<group>"; };
		520A463523E0C7B9007914F1 /* ViewController.swift */ = {isa = PBXFileReference; lastKnownFileType = sourcecode.swift; path = ViewController.swift; sourceTree = "<group>"; };
		520A463823E0C7B9007914F1 /* Base */ = {isa = PBXFileReference; lastKnownFileType = file.storyboard; name = Base; path = Base.lproj/Main.storyboard; sourceTree = "<group>"; };
		520A463A23E0C7BA007914F1 /* Assets.xcassets */ = {isa = PBXFileReference; lastKnownFileType = folder.assetcatalog; path = Assets.xcassets; sourceTree = "<group>"; };
		520A463D23E0C7BA007914F1 /* Base */ = {isa = PBXFileReference; lastKnownFileType = file.storyboard; name = Base; path = Base.lproj/LaunchScreen.storyboard; sourceTree = "<group>"; };
		520A463F23E0C7BA007914F1 /* Info.plist */ = {isa = PBXFileReference; lastKnownFileType = text.plist.xml; path = Info.plist; sourceTree = "<group>"; };
		520A464423E0C7BA007914F1 /* w4iPadTests.xctest */ = {isa = PBXFileReference; explicitFileType = wrapper.cfbundle; includeInIndex = 0; path = w4iPadTests.xctest; sourceTree = BUILT_PRODUCTS_DIR; };
		520A464823E0C7BA007914F1 /* w4iPadTests.swift */ = {isa = PBXFileReference; lastKnownFileType = sourcecode.swift; path = w4iPadTests.swift; sourceTree = "<group>"; };
		520A464A23E0C7BA007914F1 /* Info.plist */ = {isa = PBXFileReference; lastKnownFileType = text.plist.xml; path = Info.plist; sourceTree = "<group>"; };
		520A464F23E0C7BA007914F1 /* w4iPadUITests.xctest */ = {isa = PBXFileReference; explicitFileType = wrapper.cfbundle; includeInIndex = 0; path = w4iPadUITests.xctest; sourceTree = BUILT_PRODUCTS_DIR; };
		520A465323E0C7BA007914F1 /* w4iPadUITests.swift */ = {isa = PBXFileReference; lastKnownFileType = sourcecode.swift; path = w4iPadUITests.swift; sourceTree = "<group>"; };
		520A465523E0C7BA007914F1 /* Info.plist */ = {isa = PBXFileReference; lastKnownFileType = text.plist.xml; path = Info.plist; sourceTree = "<group>"; };
/* End PBXFileReference section */

/* Begin PBXFrameworksBuildPhase section */
		520A462D23E0C7B9007914F1 /* Frameworks */ = {
			isa = PBXFrameworksBuildPhase;
			buildActionMask = 2147483647;
			files = (
			);
			runOnlyForDeploymentPostprocessing = 0;
		};
		520A464123E0C7BA007914F1 /* Frameworks */ = {
			isa = PBXFrameworksBuildPhase;
			buildActionMask = 2147483647;
			files = (
			);
			runOnlyForDeploymentPostprocessing = 0;
		};
		520A464C23E0C7BA007914F1 /* Frameworks */ = {
			isa = PBXFrameworksBuildPhase;
			buildActionMask = 2147483647;
			files = (
			);
			runOnlyForDeploymentPostprocessing = 0;
		};
/* End PBXFrameworksBuildPhase section */

/* Begin PBXGroup section */
		520A462723E0C7B9007914F1 = {
			isa = PBXGroup;
			children = (
				520A463223E0C7B9007914F1 /* w4iPad */,
				520A464723E0C7BA007914F1 /* w4iPadTests */,
				520A465223E0C7BA007914F1 /* w4iPadUITests */,
				520A463123E0C7B9007914F1 /* Products */,
			);
			sourceTree = "<group>";
		};
		520A463123E0C7B9007914F1 /* Products */ = {
			isa = PBXGroup;
			children = (
				520A463023E0C7B9007914F1 /* w4iPad.app */,
				520A464423E0C7BA007914F1 /* w4iPadTests.xctest */,
				520A464F23E0C7BA007914F1 /* w4iPadUITests.xctest */,
			);
			name = Products;
			sourceTree = "<group>";
		};
		520A463223E0C7B9007914F1 /* w4iPad */ = {
			isa = PBXGroup;
			children = (
				520A463323E0C7B9007914F1 /* AppDelegate.swift */,
				520A463523E0C7B9007914F1 /* ViewController.swift */,
				520A463723E0C7B9007914F1 /* Main.storyboard */,
				520A463A23E0C7BA007914F1 /* Assets.xcassets */,
				520A463C23E0C7BA007914F1 /* LaunchScreen.storyboard */,
				520A463F23E0C7BA007914F1 /* Info.plist */,
			);
			path = w4iPad;
			sourceTree = "<group>";
		};
		520A464723E0C7BA007914F1 /* w4iPadTests */ = {
			isa = PBXGroup;
			children = (
				520A464823E0C7BA007914F1 /* w4iPadTests.swift */,
				520A464A23E0C7BA007914F1 /* Info.plist */,
			);
			path = w4iPadTests;
			sourceTree = "<group>";
		};
		520A465223E0C7BA007914F1 /* w4iPadUITests */ = {
			isa = PBXGroup;
			children = (
				520A465323E0C7BA007914F1 /* w4iPadUITests.swift */,
				520A465523E0C7BA007914F1 /* Info.plist */,
			);
			path = w4iPadUITests;
			sourceTree = "<group>";
		};
/* End PBXGroup section */

/* Begin PBXNativeTarget section */
		520A462F23E0C7B9007914F1 /* w4iPad */ = {
			isa = PBXNativeTarget;
			buildConfigurationList = 520A465823E0C7BA007914F1 /* Build configuration list for PBXNativeTarget "w4iPad" */;
			buildPhases = (
				520A462C23E0C7B9007914F1 /* Sources */,
				520A462D23E0C7B9007914F1 /* Frameworks */,
				520A462E23E0C7B9007914F1 /* Resources */,
			);
			buildRules = (
			);
			dependencies = (
			);
			name = w4iPad;
			productName = w4iPad;
			productReference = 520A463023E0C7B9007914F1 /* w4iPad.app */;
			productType = "com.apple.product-type.application";
		};
		520A464323E0C7BA007914F1 /* w4iPadTests */ = {
			isa = PBXNativeTarget;
			buildConfigurationList = 520A465B23E0C7BA007914F1 /* Build configuration list for PBXNativeTarget "w4iPadTests" */;
			buildPhases = (
				520A464023E0C7BA007914F1 /* Sources */,
				520A464123E0C7BA007914F1 /* Frameworks */,
				520A464223E0C7BA007914F1 /* Resources */,
			);
			buildRules = (
			);
			dependencies = (
				520A464623E0C7BA007914F1 /* PBXTargetDependency */,
			);
			name = w4iPadTests;
			productName = w4iPadTests;
			productReference = 520A464423E0C7BA007914F1 /* w4iPadTests.xctest */;
			productType = "com.apple.product-type.bundle.unit-test";
		};
		520A464E23E0C7BA007914F1 /* w4iPadUITests */ = {
			isa = PBXNativeTarget;
			buildConfigurationList = 520A465E23E0C7BA007914F1 /* Build configuration list for PBXNativeTarget "w4iPadUITests" */;
			buildPhases = (
				520A464B23E0C7BA007914F1 /* Sources */,
				520A464C23E0C7BA007914F1 /* Frameworks */,
				520A464D23E0C7BA007914F1 /* Resources */,
			);
			buildRules = (
			);
			dependencies = (
				520A465123E0C7BA007914F1 /* PBXTargetDependency */,
			);
			name = w4iPadUITests;
			productName = w4iPadUITests;
			productReference = 520A464F23E0C7BA007914F1 /* w4iPadUITests.xctest */;
			productType = "com.apple.product-type.bundle.ui-testing";
		};
/* End PBXNativeTarget section */

/* Begin PBXProject section */
		520A462823E0C7B9007914F1 /* Project object */ = {
			isa = PBXProject;
			attributes = {
				LastSwiftUpdateCheck = 1030;
				LastUpgradeCheck = 1030;
				ORGANIZATIONNAME = John;
				TargetAttributes = {
					520A462F23E0C7B9007914F1 = {
						CreatedOnToolsVersion = 10.3;
					};
					520A464323E0C7BA007914F1 = {
						CreatedOnToolsVersion = 10.3;
						TestTargetID = 520A462F23E0C7B9007914F1;
					};
					520A464E23E0C7BA007914F1 = {
						CreatedOnToolsVersion = 10.3;
						TestTargetID = 520A462F23E0C7B9007914F1;
					};
				};
			};
			buildConfigurationList = 520A462B23E0C7B9007914F1 /* Build configuration list for PBXProject "w4iPad" */;
			compatibilityVersion = "Xcode 9.3";
			developmentRegion = en;
			hasScannedForEncodings = 0;
			knownRegions = (
				en,
				Base,
			);
			mainGroup = 520A462723E0C7B9007914F1;
			productRefGroup = 520A463123E0C7B9007914F1 /* Products */;
			projectDirPath = "";
			projectRoot = "";
			targets = (
				520A462F23E0C7B9007914F1 /* w4iPad */,
				520A464323E0C7BA007914F1 /* w4iPadTests */,
				520A464E23E0C7BA007914F1 /* w4iPadUITests */,
			);
		};
/* End PBXProject section */

/* Begin PBXResourcesBuildPhase section */
		520A462E23E0C7B9007914F1 /* Resources */ = {
			isa = PBXResourcesBuildPhase;
			buildActionMask = 2147483647;
			files = (
				520A463E23E0C7BA007914F1 /* LaunchScreen.storyboard in Resources */,
				520A463B23E0C7BA007914F1 /* Assets.xcassets in Resources */,
				520A463923E0C7B9007914F1 /* Main.storyboard in Resources */,
			);
			runOnlyForDeploymentPostprocessing = 0;
		};
		520A464223E0C7BA007914F1 /* Resources */ = {
			isa = PBXResourcesBuildPhase;
			buildActionMask = 2147483647;
			files = (
			);
			runOnlyForDeploymentPostprocessing = 0;
		};
		520A464D23E0C7BA007914F1 /* Resources */ = {
			isa = PBXResourcesBuildPhase;
			buildActionMask = 2147483647;
			files = (
			);
			runOnlyForDeploymentPostprocessing = 0;
		};
/* End PBXResourcesBuildPhase section */

/* Begin PBXSourcesBuildPhase section */
		520A462C23E0C7B9007914F1 /* Sources */ = {
			isa = PBXSourcesBuildPhase;
			buildActionMask = 2147483647;
			files = (
				520A463623E0C7B9007914F1 /* ViewController.swift in Sources */,
				520A463423E0C7B9007914F1 /* AppDelegate.swift in Sources */,
			);
			runOnlyForDeploymentPostprocessing = 0;
		};
		520A464023E0C7BA007914F1 /* Sources */ = {
			isa = PBXSourcesBuildPhase;
			buildActionMask = 2147483647;
			files = (
				520A464923E0C7BA007914F1 /* w4iPadTests.swift in Sources */,
			);
			runOnlyForDeploymentPostprocessing = 0;
		};
		520A464B23E0C7BA007914F1 /* Sources */ = {
			isa = PBXSourcesBuildPhase;
			buildActionMask = 2147483647;
			files = (
				520A465423E0C7BA007914F1 /* w4iPadUITests.swift in Sources */,
			);
			runOnlyForDeploymentPostprocessing = 0;
		};
/* End PBXSourcesBuildPhase section */

/* Begin PBXTargetDependency section */
		520A464623E0C7BA007914F1 /* PBXTargetDependency */ = {
			isa = PBXTargetDependency;
			target = 520A462F23E0C7B9007914F1 /* w4iPad */;
			targetProxy = 520A464523E0C7BA007914F1 /* PBXContainerItemProxy */;
		};
		520A465123E0C7BA007914F1 /* PBXTargetDependency */ = {
			isa = PBXTargetDependency;
			target = 520A462F23E0C7B9007914F1 /* w4iPad */;
			targetProxy = 520A465023E0C7BA007914F1 /* PBXContainerItemProxy */;
		};
/* End PBXTargetDependency section */

/* Begin PBXVariantGroup section */
		520A463723E0C7B9007914F1 /* Main.storyboard */ = {
			isa = PBXVariantGroup;
			children = (
				520A463823E0C7B9007914F1 /* Base */,
			);
			name = Main.storyboard;
			sourceTree = "<group>";
		};
		520A463C23E0C7BA007914F1 /* LaunchScreen.storyboard */ = {
			isa = PBXVariantGroup;
			children = (
				520A463D23E0C7BA007914F1 /* Base */,
			);
			name = LaunchScreen.storyboard;
			sourceTree = "<group>";
		};
/* End PBXVariantGroup section */

/* Begin XCBuildConfiguration section */
		520A465623E0C7BA007914F1 /* Debug */ = {
			isa = XCBuildConfiguration;
			buildSettings = {
				ALWAYS_SEARCH_USER_PATHS = NO;
				CLANG_ANALYZER_NONNULL = YES;
				CLANG_ANALYZER_NUMBER_OBJECT_CONVERSION = YES_AGGRESSIVE;
				CLANG_CXX_LANGUAGE_STANDARD = "gnu++14";
				CLANG_CXX_LIBRARY = "libc++";
				CLANG_ENABLE_MODULES = YES;
				CLANG_ENABLE_OBJC_ARC = YES;
				CLANG_ENABLE_OBJC_WEAK = YES;
				CLANG_WARN_BLOCK_CAPTURE_AUTORELEASING = YES;
				CLANG_WARN_BOOL_CONVERSION = YES;
				CLANG_WARN_COMMA = YES;
				CLANG_WARN_CONSTANT_CONVERSION = YES;
				CLANG_WARN_DEPRECATED_OBJC_IMPLEMENTATIONS = YES;
				CLANG_WARN_DIRECT_OBJC_ISA_USAGE = YES_ERROR;
				CLANG_WARN_DOCUMENTATION_COMMENTS = YES;
				CLANG_WARN_EMPTY_BODY = YES;
				CLANG_WARN_ENUM_CONVERSION = YES;
				CLANG_WARN_INFINITE_RECURSION = YES;
				CLANG_WARN_INT_CONVERSION = YES;
				CLANG_WARN_NON_LITERAL_NULL_CONVERSION = YES;
				CLANG_WARN_OBJC_IMPLICIT_RETAIN_SELF = YES;
				CLANG_WARN_OBJC_LITERAL_CONVERSION = YES;
				CLANG_WARN_OBJC_ROOT_CLASS = YES_ERROR;
				CLANG_WARN_RANGE_LOOP_ANALYSIS = YES;
				CLANG_WARN_STRICT_PROTOTYPES = YES;
				CLANG_WARN_SUSPICIOUS_MOVE = YES;
				CLANG_WARN_UNGUARDED_AVAILABILITY = YES_AGGRESSIVE;
				CLANG_WARN_UNREACHABLE_CODE = YES;
				CLANG_WARN__DUPLICATE_METHOD_MATCH = YES;
				CODE_SIGN_IDENTITY = "iPhone Developer";
				COPY_PHASE_STRIP = NO;
				DEBUG_INFORMATION_FORMAT = dwarf;
				ENABLE_STRICT_OBJC_MSGSEND = YES;
				ENABLE_TESTABILITY = YES;
				GCC_C_LANGUAGE_STANDARD = gnu11;
				GCC_DYNAMIC_NO_PIC = NO;
				GCC_NO_COMMON_BLOCKS = YES;
				GCC_OPTIMIZATION_LEVEL = 0;
				GCC_PREPROCESSOR_DEFINITIONS = (
					"DEBUG=1",
					"$(inherited)",
				);
				GCC_WARN_64_TO_32_BIT_CONVERSION = YES;
				GCC_WARN_ABOUT_RETURN_TYPE = YES_ERROR;
				GCC_WARN_UNDECLARED_SELECTOR = YES;
				GCC_WARN_UNINITIALIZED_AUTOS = YES_AGGRESSIVE;
				GCC_WARN_UNUSED_FUNCTION = YES;
				GCC_WARN_UNUSED_VARIABLE = YES;
				IPHONEOS_DEPLOYMENT_TARGET = 12.4;
				MTL_ENABLE_DEBUG_INFO = INCLUDE_SOURCE;
				MTL_FAST_MATH = YES;
				ONLY_ACTIVE_ARCH = YES;
				SDKROOT = iphoneos;
				SWIFT_ACTIVE_COMPILATION_CONDITIONS = DEBUG;
				SWIFT_OPTIMIZATION_LEVEL = "-Onone";
			};
			name = Debug;
		};
		520A465723E0C7BA007914F1 /* Release */ = {
			isa = XCBuildConfiguration;
			buildSettings = {
				ALWAYS_SEARCH_USER_PATHS = NO;
				CLANG_ANALYZER_NONNULL = YES;
				CLANG_ANALYZER_NUMBER_OBJECT_CONVERSION = YES_AGGRESSIVE;
				CLANG_CXX_LANGUAGE_STANDARD = "gnu++14";
				CLANG_CXX_LIBRARY = "libc++";
				CLANG_ENABLE_MODULES = YES;
				CLANG_ENABLE_OBJC_ARC = YES;
				CLANG_ENABLE_OBJC_WEAK = YES;
				CLANG_WARN_BLOCK_CAPTURE_AUTORELEASING = YES;
				CLANG_WARN_BOOL_CONVERSION = YES;
				CLANG_WARN_COMMA = YES;
				CLANG_WARN_CONSTANT_CONVERSION = YES;
				CLANG_WARN_DEPRECATED_OBJC_IMPLEMENTATIONS = YES;
				CLANG_WARN_DIRECT_OBJC_ISA_USAGE = YES_ERROR;
				CLANG_WARN_DOCUMENTATION_COMMENTS = YES;
				CLANG_WARN_EMPTY_BODY = YES;
				CLANG_WARN_ENUM_CONVERSION = YES;
				CLANG_WARN_INFINITE_RECURSION = YES;
				CLANG_WARN_INT_CONVERSION = YES;
				CLANG_WARN_NON_LITERAL_NULL_CONVERSION = YES;
				CLANG_WARN_OBJC_IMPLICIT_RETAIN_SELF = YES;
				CLANG_WARN_OBJC_LITERAL_CONVERSION = YES;
				CLANG_WARN_OBJC_ROOT_CLASS = YES_ERROR;
				CLANG_WARN_RANGE_LOOP_ANALYSIS = YES;
				CLANG_WARN_STRICT_PROTOTYPES = YES;
				CLANG_WARN_SUSPICIOUS_MOVE = YES;
				CLANG_WARN_UNGUARDED_AVAILABILITY = YES_AGGRESSIVE;
				CLANG_WARN_UNREACHABLE_CODE = YES;
				CLANG_WARN__DUPLICATE_METHOD_MATCH = YES;
				CODE_SIGN_IDENTITY = "iPhone Developer";
				COPY_PHASE_STRIP = NO;
				DEBUG_INFORMATION_FORMAT = "dwarf-with-dsym";
				ENABLE_NS_ASSERTIONS = NO;
				ENABLE_STRICT_OBJC_MSGSEND = YES;
				GCC_C_LANGUAGE_STANDARD = gnu11;
				GCC_NO_COMMON_BLOCKS = YES;
				GCC_WARN_64_TO_32_BIT_CONVERSION = YES;
				GCC_WARN_ABOUT_RETURN_TYPE = YES_ERROR;
				GCC_WARN_UNDECLARED_SELECTOR = YES;
				GCC_WARN_UNINITIALIZED_AUTOS = YES_AGGRESSIVE;
				GCC_WARN_UNUSED_FUNCTION = YES;
				GCC_WARN_UNUSED_VARIABLE = YES;
				IPHONEOS_DEPLOYMENT_TARGET = 12.4;
				MTL_ENABLE_DEBUG_INFO = NO;
				MTL_FAST_MATH = YES;
				SDKROOT = iphoneos;
				SWIFT_COMPILATION_MODE = wholemodule;
				SWIFT_OPTIMIZATION_LEVEL = "-O";
				VALIDATE_PRODUCT = YES;
			};
			name = Release;
		};
		520A465923E0C7BA007914F1 /* Debug */ = {
			isa = XCBuildConfiguration;
			buildSettings = {
				ASSETCATALOG_COMPILER_APPICON_NAME = AppIcon;
				CODE_SIGN_STYLE = Automatic;
				INFOPLIST_FILE = w4iPad/Info.plist;
				LD_RUNPATH_SEARCH_PATHS = (
					"$(inherited)",
					"@executable_path/Frameworks",
				);
				PRODUCT_BUNDLE_IDENTIFIER = sapanjo.w4iPad;
				PRODUCT_NAME = "$(TARGET_NAME)";
				SWIFT_VERSION = 5.0;
				TARGETED_DEVICE_FAMILY = "1,2";
			};
			name = Debug;
		};
		520A465A23E0C7BA007914F1 /* Release */ = {
			isa = XCBuildConfiguration;
			buildSettings = {
				ASSETCATALOG_COMPILER_APPICON_NAME = AppIcon;
				CODE_SIGN_STYLE = Automatic;
				INFOPLIST_FILE = w4iPad/Info.plist;
				LD_RUNPATH_SEARCH_PATHS = (
					"$(inherited)",
					"@executable_path/Frameworks",
				);
				PRODUCT_BUNDLE_IDENTIFIER = sapanjo.w4iPad;
				PRODUCT_NAME = "$(TARGET_NAME)";
				SWIFT_VERSION = 5.0;
				TARGETED_DEVICE_FAMILY = "1,2";
			};
			name = Release;
		};
		520A465C23E0C7BA007914F1 /* Debug */ = {
			isa = XCBuildConfiguration;
			buildSettings = {
				ALWAYS_EMBED_SWIFT_STANDARD_LIBRARIES = YES;
				BUNDLE_LOADER = "$(TEST_HOST)";
				CODE_SIGN_STYLE = Automatic;
				INFOPLIST_FILE = w4iPadTests/Info.plist;
				LD_RUNPATH_SEARCH_PATHS = (
					"$(inherited)",
					"@executable_path/Frameworks",
					"@loader_path/Frameworks",
				);
				PRODUCT_BUNDLE_IDENTIFIER = sapanjo.w4iPadTests;
				PRODUCT_NAME = "$(TARGET_NAME)";
				SWIFT_VERSION = 5.0;
				TARGETED_DEVICE_FAMILY = "1,2";
				TEST_HOST = "$(BUILT_PRODUCTS_DIR)/w4iPad.app/w4iPad";
			};
			name = Debug;
		};
		520A465D23E0C7BA007914F1 /* Release */ = {
			isa = XCBuildConfiguration;
			buildSettings = {
				ALWAYS_EMBED_SWIFT_STANDARD_LIBRARIES = YES;
				BUNDLE_LOADER = "$(TEST_HOST)";
				CODE_SIGN_STYLE = Automatic;
				INFOPLIST_FILE = w4iPadTests/Info.plist;
				LD_RUNPATH_SEARCH_PATHS = (
					"$(inherited)",
					"@executable_path/Frameworks",
					"@loader_path/Frameworks",
				);
				PRODUCT_BUNDLE_IDENTIFIER = sapanjo.w4iPadTests;
				PRODUCT_NAME = "$(TARGET_NAME)";
				SWIFT_VERSION = 5.0;
				TARGETED_DEVICE_FAMILY = "1,2";
				TEST_HOST = "$(BUILT_PRODUCTS_DIR)/w4iPad.app/w4iPad";
			};
			name = Release;
		};
		520A465F23E0C7BA007914F1 /* Debug */ = {
			isa = XCBuildConfiguration;
			buildSettings = {
				ALWAYS_EMBED_SWIFT_STANDARD_LIBRARIES = YES;
				CODE_SIGN_STYLE = Automatic;
				INFOPLIST_FILE = w4iPadUITests/Info.plist;
				LD_RUNPATH_SEARCH_PATHS = (
					"$(inherited)",
					"@executable_path/Frameworks",
					"@loader_path/Frameworks",
				);
				PRODUCT_BUNDLE_IDENTIFIER = sapanjo.w4iPadUITests;
				PRODUCT_NAME = "$(TARGET_NAME)";
				SWIFT_VERSION = 5.0;
				TARGETED_DEVICE_FAMILY = "1,2";
				TEST_TARGET_NAME = w4iPad;
			};
			name = Debug;
		};
		520A466023E0C7BA007914F1 /* Release */ = {
			isa = XCBuildConfiguration;
			buildSettings = {
				ALWAYS_EMBED_SWIFT_STANDARD_LIBRARIES = YES;
				CODE_SIGN_STYLE = Automatic;
				INFOPLIST_FILE = w4iPadUITests/Info.plist;
				LD_RUNPATH_SEARCH_PATHS = (
					"$(inherited)",
					"@executable_path/Frameworks",
					"@loader_path/Frameworks",
				);
				PRODUCT_BUNDLE_IDENTIFIER = sapanjo.w4iPadUITests;
				PRODUCT_NAME = "$(TARGET_NAME)";
				SWIFT_VERSION = 5.0;
				TARGETED_DEVICE_FAMILY = "1,2";
				TEST_TARGET_NAME = w4iPad;
			};
			name = Release;
		};
/* End XCBuildConfiguration section */

/* Begin XCConfigurationList section */
		520A462B23E0C7B9007914F1 /* Build configuration list for PBXProject "w4iPad" */ = {
			isa = XCConfigurationList;
			buildConfigurations = (
				520A465623E0C7BA007914F1 /* Debug */,
				520A465723E0C7BA007914F1 /* Release */,
			);
			defaultConfigurationIsVisible = 0;
			defaultConfigurationName = Release;
		};
		520A465823E0C7BA007914F1 /* Build configuration list for PBXNativeTarget "w4iPad" */ = {
			isa = XCConfigurationList;
			buildConfigurations = (
				520A465923E0C7BA007914F1 /* Debug */,
				520A465A23E0C7BA007914F1 /* Release */,
			);
			defaultConfigurationIsVisible = 0;
			defaultConfigurationName = Release;
		};
		520A465B23E0C7BA007914F1 /* Build configuration list for PBXNativeTarget "w4iPadTests" */ = {
			isa = XCConfigurationList;
			buildConfigurations = (
				520A465C23E0C7BA007914F1 /* Debug */,
				520A465D23E0C7BA007914F1 /* Release */,
			);
			defaultConfigurationIsVisible = 0;
			defaultConfigurationName = Release;
		};
		520A465E23E0C7BA007914F1 /* Build configuration list for PBXNativeTarget "w4iPadUITests" */ = {
			isa = XCConfigurationList;
			buildConfigurations = (
				520A465F23E0C7BA007914F1 /* Debug */,
				520A466023E0C7BA007914F1 /* Release */,
			);
			defaultConfigurationIsVisible = 0;
			defaultConfigurationName = Release;
		};
/* End XCConfigurationList section */
	};
	rootObject = 520A462823E0C7B9007914F1 /* Project object */;
}
